
Microsoft Visual Studio Solution File, Format Version 12.00
# Visual Studio Version 16
VisualStudioVersion = 16.0.30204.135
MinimumVisualStudioVersion = 10.0.40219.1
Project("{F2A71F9B-5D33-465A-A702-920D77279786}") = "Scan Tapes", "Scan Tapes\Scan Tapes.fsproj", "{000AFC44-75AA-4924-87CE-FF22FD2A3C9A}"
EndProject
Global
	GlobalSection(SolutionConfigurationPlatforms) = preSolution
		Debug|Any CPU = Debug|Any CPU
		Release|Any CPU = Release|Any CPU
	EndGlobalSection
	GlobalSection(ProjectConfigurationPlatforms) = postSolution
		{000AFC44-75AA-4924-87CE-FF22FD2A3C9A}.Debug|Any CPU.ActiveCfg = Debug|Any CPU
		{000AFC44-75AA-4924-87CE-FF22FD2A3C9A}.Debug|Any CPU.Build.0 = Debug|Any CPU
		{000AFC44-75AA-4924-87CE-FF22FD2A3C9A}.Release|Any CPU.ActiveCfg = Release|Any CPU
		{000AFC44-75AA-4924-87CE-FF22FD2A3C9A}.Release|Any CPU.Build.0 = Release|Any CPU
	EndGlobalSection
	GlobalSection(SolutionProperties) = preSolution
		HideSolutionNode = FALSE
	EndGlobalSection
	GlobalSection(ExtensibilityGlobals) = postSolution
		SolutionGuid = {9131B5E1-5A0F-4FA2-9815-5C3FC1DDDEB4}
	EndGlobalSection
EndGlobal
